
Microsoft Visual Studio Solution File, Format Version 12.00
# Visual Studio Version 17
VisualStudioVersion = 17.14.37216.2 d17.14
MinimumVisualStudioVersion = 10.0.40219.1
Project("{FAE04EC0-301F-11D3-BF4B-00C04F79EFBC}") = "26-DynamicPropertiesViewModel", "26-DynamicPropertiesViewModel.csproj", "{218F41EC-43E0-416E-A4B3-FB1769AE0743}"
EndProject
Global
	GlobalSection(SolutionConfigurationPlatforms) = preSolution
		Debug|Any CPU = Debug|Any CPU
		Release|Any CPU = Release|Any CPU
	EndGlobalSection
	GlobalSection(ProjectConfigurationPlatforms) = postSolution
		{218F41EC-43E0-416E-A4B3-FB1769AE0743}.Debug|Any CPU.ActiveCfg = Debug|Any CPU
		{218F41EC-43E0-416E-A4B3-FB1769AE0743}.Debug|Any CPU.Build.0 = Debug|Any CPU
		{218F41EC-43E0-416E-A4B3-FB1769AE0743}.Release|Any CPU.ActiveCfg = Release|Any CPU
		{218F41EC-43E0-416E-A4B3-FB1769AE0743}.Release|Any CPU.Build.0 = Release|Any CPU
	EndGlobalSection
	GlobalSection(SolutionProperties) = preSolution
		HideSolutionNode = FALSE
	EndGlobalSection
	GlobalSection(ExtensibilityGlobals) = postSolution
		SolutionGuid = {D7B42088-E779-4A4E-A171-5A1092538D43}
	EndGlobalSection
EndGlobal
