
Microsoft Visual Studio Solution File, Format Version 12.00
# Visual Studio Version 17
VisualStudioVersion = 17.14.37012.4 d17.14
MinimumVisualStudioVersion = 10.0.40219.1
Project("{FAE04EC0-301F-11D3-BF4B-00C04F79EFBC}") = "04-AccessModifiresEncupsulationNamespace", "04-AccessModifiresEncupsulationNamespace.csproj", "{00EA82ED-7FF0-4E4C-8F7F-219A01E15098}"
EndProject
Project("{FAE04EC0-301F-11D3-BF4B-00C04F79EFBC}") = "Domain", "..\Domain\Domain.csproj", "{ED6675FE-F626-41DA-8640-C197735F16F4}"
EndProject
Global
	GlobalSection(SolutionConfigurationPlatforms) = preSolution
		Debug|Any CPU = Debug|Any CPU
		Release|Any CPU = Release|Any CPU
	EndGlobalSection
	GlobalSection(ProjectConfigurationPlatforms) = postSolution
		{00EA82ED-7FF0-4E4C-8F7F-219A01E15098}.Debug|Any CPU.ActiveCfg = Debug|Any CPU
		{00EA82ED-7FF0-4E4C-8F7F-219A01E15098}.Debug|Any CPU.Build.0 = Debug|Any CPU
		{00EA82ED-7FF0-4E4C-8F7F-219A01E15098}.Release|Any CPU.ActiveCfg = Release|Any CPU
		{00EA82ED-7FF0-4E4C-8F7F-219A01E15098}.Release|Any CPU.Build.0 = Release|Any CPU
		{ED6675FE-F626-41DA-8640-C197735F16F4}.Debug|Any CPU.ActiveCfg = Debug|Any CPU
		{ED6675FE-F626-41DA-8640-C197735F16F4}.Debug|Any CPU.Build.0 = Debug|Any CPU
		{ED6675FE-F626-41DA-8640-C197735F16F4}.Release|Any CPU.ActiveCfg = Release|Any CPU
		{ED6675FE-F626-41DA-8640-C197735F16F4}.Release|Any CPU.Build.0 = Release|Any CPU
	EndGlobalSection
	GlobalSection(SolutionProperties) = preSolution
		HideSolutionNode = FALSE
	EndGlobalSection
	GlobalSection(ExtensibilityGlobals) = postSolution
		SolutionGuid = {B4E784AB-CC6F-488A-B7F1-4637C48E2783}
	EndGlobalSection
EndGlobal
